
Microsoft Visual Studio Solution File, Format Version 12.00
# Visual Studio Version 16
VisualStudioVersion = 16.0.30309.148
MinimumVisualStudioVersion = 10.0.40219.1
Project("{FAE04EC0-301F-11D3-BF4B-00C04F79EFBC}") = "TextureMorph", "Game\TextureMorph.csproj", "{2A0DCE33-9FEE-41B6-9860-0DF798097BE6}"
EndProject
Global
	GlobalSection(SolutionConfigurationPlatforms) = preSolution
		Debug|Any CPU = Debug|Any CPU
		Release|Any CPU = Release|Any CPU
	EndGlobalSection
	GlobalSection(ProjectConfigurationPlatforms) = postSolution
		{2A0DCE33-9FEE-41B6-9860-0DF798097BE6}.Debug|Any CPU.ActiveCfg = Debug|Any CPU
		{2A0DCE33-9FEE-41B6-9860-0DF798097BE6}.Debug|Any CPU.Build.0 = Debug|Any CPU
		{2A0DCE33-9FEE-41B6-9860-0DF798097BE6}.Release|Any CPU.ActiveCfg = Release|Any CPU
		{2A0DCE33-9FEE-41B6-9860-0DF798097BE6}.Release|Any CPU.Build.0 = Release|Any CPU
	EndGlobalSection
	GlobalSection(SolutionProperties) = preSolution
		HideSolutionNode = FALSE
	EndGlobalSection
	GlobalSection(ExtensibilityGlobals) = postSolution
		SolutionGuid = {92E016B9-C606-4F97-950D-271493D972DF}
	EndGlobalSection
EndGlobal
